{
  "name": "vive-studio",
  "version": "0.1.0",
  "lockfileVersion": 3,
  "requires": true,
  "packages": {
    "": {
      "name": "vive-studio",
      "version": "0.1.0",
      "workspaces": [
        "packages/*",
        "apps/*"
      ],
      "devDependencies": {
        "typescript": "^5.6.3"
      }
    },
    "node_modules/@vive-studio/engine-contracts": {
      "resolved": "packages/engine-contracts",
      "link": true
    },
    "node_modules/@vive-studio/engine-core": {
      "resolved": "packages/engine-core",
      "link": true
    },
    "node_modules/@vive-studio/renderer-prompt": {
      "resolved": "packages/renderer-prompt",
      "link": true
    },
    "node_modules/typescript": {
      "version": "5.9.3",
      "resolved": "https://registry.npmjs.org/typescript/-/typescript-5.9.3.tgz",
      "integrity": "sha512-jl1vZzPDinLr9eUt3J/t7V6FgNEw9QjvBPdysz9KfQDD41fQrC2Y4vKQdiaUpFT4bXlb1RHhLpp8wtm6M5TgSw==",
      "dev": true,
      "license": "Apache-2.0",
      "bin": {
        "tsc": "bin/tsc",
        "tsserver": "bin/tsserver"
      },
      "engines": {
        "node": ">=14.17"
      }
    },
    "packages/engine-contracts": {
      "name": "@vive-studio/engine-contracts",
      "version": "0.1.0"
    },
    "packages/engine-core": {
      "name": "@vive-studio/engine-core",
      "version": "0.1.0",
      "dependencies": {
        "@vive-studio/engine-contracts": "file:../engine-contracts"
      }
    },
    "packages/renderer-prompt": {
      "name": "@vive-studio/renderer-prompt",
      "version": "0.1.0",
      "dependencies": {
        "@vive-studio/engine-contracts": "file:../engine-contracts"
      }
    }
  }
}
